PODS:
  - NKButton (1.1):
    - NKFrameLayoutKit
    - NVActivityIndicatorView
  - NKFrameLayoutKit (1.8.7)
  - NVActivityIndicatorView (4.1.1):
    - NVActivityIndicatorView/Presenter (= 4.1.1)
  - NVActivityIndicatorView/Presenter (4.1.1)

DEPENDENCIES:
  - NKButton (from `../`)

EXTERNAL SOURCES:
  NKButton:
    :path: ../

SPEC CHECKSUMS:
  NKButton: c2e68f72be3ddf7d3fd6b887134bd0912d5cfd43
  NKFrameLayoutKit: 8f42f38532cdf725848c5466827ed398130df7d4
  NVActivityIndicatorView: 60109b9bf46efc2e71ab81453196ccdfdfeea870

PODFILE CHECKSUM: dbe818f19f0e34e07a9ae6071e0c42f8f0eb5551

COCOAPODS: 1.4.0
