PODS:
  - FrameLayoutKit (4.7.6)
  - NKButton (4.2.3):
    - FrameLayoutKit
    - NVActivityIndicatorView/AppExtension
  - NVActivityIndicatorView/AppExtension (4.8.0)

DEPENDENCIES:
  - FrameLayoutKit
  - NKButton (from `../`)

SPEC REPOS:
  trunk:
    - FrameLayoutKit
    - NVActivityIndicatorView

EXTERNAL SOURCES:
  NKButton:
    :path: "../"

SPEC CHECKSUMS:
  FrameLayoutKit: 31f63866e71be2e64a01abab41208976623f5b9f
  NKButton: ab1863c515ed9845f0320b122de4cee360168736
  NVActivityIndicatorView: d24b7ebcf80af5dcd994adb650e2b6c93379270f

PODFILE CHECKSUM: 366533369a44a7ca3a345a1e58b1ee49f4a62c96

COCOAPODS: 1.9.3
