PODS:
  - FrameLayoutKit (3.7.1)
  - NKButton (3.9.5):
    - FrameLayoutKit
    - NVActivityIndicatorView/AppExtension
  - NVActivityIndicatorView/AppExtension (4.8.0)

DEPENDENCIES:
  - FrameLayoutKit
  - NKButton (from `../`)

SPEC REPOS:
  trunk:
    - FrameLayoutKit
    - NVActivityIndicatorView

EXTERNAL SOURCES:
  NKButton:
    :path: "../"

SPEC CHECKSUMS:
  FrameLayoutKit: 84a29a25e736134f25680ccae6f932934c5ba420
  NKButton: 17ffaf75c42b1fdc3e7358e24caeadf2e130b12a
  NVActivityIndicatorView: d24b7ebcf80af5dcd994adb650e2b6c93379270f

PODFILE CHECKSUM: 3c8132335bcc852f5ec3badc3fe26980af9bfc9a

COCOAPODS: 1.8.3
