{
  "object": {
    "pins": [
      {
        "package": "FrameLayoutKit",
        "repositoryURL": "https://github.com/kennic/FrameLayoutKit.git",
        "state": {
          "branch": "master",
          "revision": "55e40eb55ada56d15a0803e2822996bfffb75296",
          "version": null
        }
      },
      {
        "package": "NVActivityIndicatorView",
        "repositoryURL": "https://github.com/ninjaprox/NVActivityIndicatorView.git",
        "state": {
          "branch": null,
          "revision": "4a4726d15367d82bd3e9e1f01625bd76dbbb0c98",
          "version": "4.8.0"
        }
      }
    ]
  },
  "version": 1
}
